{
  "name": "stacked",
  "version": "1.0.0",
  "lockfileVersion": 3,
  "requires": true,
  "packages": {
    "": {
      "name": "stacked",
      "version": "1.0.0",
      "dependencies": {
        "pebble-clay": "^1.0.1"
      }
    },
    "node_modules/pebble-clay": {
      "version": "1.0.1",
      "resolved": "https://registry.npmjs.org/pebble-clay/-/pebble-clay-1.0.1.tgz",
      "integrity": "sha512-aWCdNxUG4cEMb8NLxdnyKmphqq2FkL8hwkrECw0+bnw1gmiqc3yoHKwYAhrVeip5FbcuhIbG1ke4Ri7FVr7pbQ==",
      "license": "MIT"
    }
  }
}
